
Microsoft Visual Studio Solution File, Format Version 12.00
# Visual Studio Version 17
VisualStudioVersion = 17.2.32616.157
MinimumVisualStudioVersion = 10.0.40219.1
Project("{FAE04EC0-301F-11D3-BF4B-00C04F79EFBC}") = "MyFirstApp", "MyFirstApp\MyFirstApp.csproj", "{E9565DA9-25C3-48D3-8462-93466FE31393}"
EndProject
Project("{FAE04EC0-301F-11D3-BF4B-00C04F79EFBC}") = "EmployeeManagement", "EmployeeManagement\EmployeeManagement.csproj", "{E69D472A-A440-4FC8-81B9-2C297EAFABF4}"
EndProject
Global
	GlobalSection(SolutionConfigurationPlatforms) = preSolution
		Debug|Any CPU = Debug|Any CPU
		Release|Any CPU = Release|Any CPU
	EndGlobalSection
	GlobalSection(ProjectConfigurationPlatforms) = postSolution
		{E9565DA9-25C3-48D3-8462-93466FE31393}.Debug|Any CPU.ActiveCfg = Debug|Any CPU
		{E9565DA9-25C3-48D3-8462-93466FE31393}.Debug|Any CPU.Build.0 = Debug|Any CPU
		{E9565DA9-25C3-48D3-8462-93466FE31393}.Release|Any CPU.ActiveCfg = Release|Any CPU
		{E9565DA9-25C3-48D3-8462-93466FE31393}.Release|Any CPU.Build.0 = Release|Any CPU
		{E69D472A-A440-4FC8-81B9-2C297EAFABF4}.Debug|Any CPU.ActiveCfg = Debug|Any CPU
		{E69D472A-A440-4FC8-81B9-2C297EAFABF4}.Debug|Any CPU.Build.0 = Debug|Any CPU
		{E69D472A-A440-4FC8-81B9-2C297EAFABF4}.Release|Any CPU.ActiveCfg = Release|Any CPU
		{E69D472A-A440-4FC8-81B9-2C297EAFABF4}.Release|Any CPU.Build.0 = Release|Any CPU
	EndGlobalSection
	GlobalSection(SolutionProperties) = preSolution
		HideSolutionNode = FALSE
	EndGlobalSection
	GlobalSection(ExtensibilityGlobals) = postSolution
		SolutionGuid = {9EF7F9BE-7D57-419F-887B-21E8C9545134}
	EndGlobalSection
EndGlobal
